
Microsoft Visual Studio Solution File, Format Version 11.00
# Visual Studio 2010
Project("{FAE04EC0-301F-11D3-BF4B-00C04F79EFBC}") = "fps.Gameplay", "fps.Gameplay.csproj", "{9CCB8873-0BD9-426A-DB96-9576F51AEA1C}"
EndProject
Project("{FAE04EC0-301F-11D3-BF4B-00C04F79EFBC}") = "fps.UI", "fps.UI.csproj", "{980006A5-C108-2E52-5231-CBB08210E9C8}"
EndProject
Project("{FAE04EC0-301F-11D3-BF4B-00C04F79EFBC}") = "Assembly-CSharp", "Assembly-CSharp.csproj", "{84E47B7E-3C43-7661-A721-FCC72537B61C}"
EndProject
Project("{FAE04EC0-301F-11D3-BF4B-00C04F79EFBC}") = "fps.Game", "fps.Game.csproj", "{8DB4E2D4-0F04-D613-8287-3C5199FFAA60}"
EndProject
Project("{FAE04EC0-301F-11D3-BF4B-00C04F79EFBC}") = "Unity.FPS.Tutorials", "Unity.FPS.Tutorials.csproj", "{6F0F20D8-8A81-420D-3334-69FF992AB273}"
EndProject
Project("{FAE04EC0-301F-11D3-BF4B-00C04F79EFBC}") = "NavMeshComponents", "NavMeshComponents.csproj", "{2A18B5D6-E43F-3FE6-F0E3-719A4E60B065}"
EndProject
Project("{FAE04EC0-301F-11D3-BF4B-00C04F79EFBC}") = "fps.AI", "fps.AI.csproj", "{EF654ADF-C006-FEB0-0183-1D795A7E129B}"
EndProject
Project("{FAE04EC0-301F-11D3-BF4B-00C04F79EFBC}") = "NavMeshComponentsEditor", "NavMeshComponentsEditor.csproj", "{E76810F9-51C4-0411-CAEF-1B55921566D0}"
EndProject
Project("{FAE04EC0-301F-11D3-BF4B-00C04F79EFBC}") = "Unity.Microgame.Tutorials", "Unity.Microgame.Tutorials.csproj", "{64A448B3-04C8-9234-1E4A-3FA7CF4369B0}"
EndProject
Project("{FAE04EC0-301F-11D3-BF4B-00C04F79EFBC}") = "fps.Editor", "fps.Editor.csproj", "{399B4D33-F0BD-79D4-7DDC-8DEF3FA6DF10}"
EndProject
Project("{FAE04EC0-301F-11D3-BF4B-00C04F79EFBC}") = "Assembly-CSharp-Editor", "Assembly-CSharp-Editor.csproj", "{3429B21F-6FB4-8955-766B-11240F3C5A27}"
EndProject
Global
	GlobalSection(SolutionConfigurationPlatforms) = preSolution
		Debug|Any CPU = Debug|Any CPU
		Release|Any CPU = Release|Any CPU
	EndGlobalSection
	GlobalSection(ProjectConfigurationPlatforms) = postSolution
		{9CCB8873-0BD9-426A-DB96-9576F51AEA1C}.Debug|Any CPU.ActiveCfg = Debug|Any CPU
		{9CCB8873-0BD9-426A-DB96-9576F51AEA1C}.Debug|Any CPU.Build.0 = Debug|Any CPU
		{9CCB8873-0BD9-426A-DB96-9576F51AEA1C}.Release|Any CPU.ActiveCfg = Release|Any CPU
		{9CCB8873-0BD9-426A-DB96-9576F51AEA1C}.Release|Any CPU.Build.0 = Release|Any CPU
		{980006A5-C108-2E52-5231-CBB08210E9C8}.Debug|Any CPU.ActiveCfg = Debug|Any CPU
		{980006A5-C108-2E52-5231-CBB08210E9C8}.Debug|Any CPU.Build.0 = Debug|Any CPU
		{980006A5-C108-2E52-5231-CBB08210E9C8}.Release|Any CPU.ActiveCfg = Release|Any CPU
		{980006A5-C108-2E52-5231-CBB08210E9C8}.Release|Any CPU.Build.0 = Release|Any CPU
		{84E47B7E-3C43-7661-A721-FCC72537B61C}.Debug|Any CPU.ActiveCfg = Debug|Any CPU
		{84E47B7E-3C43-7661-A721-FCC72537B61C}.Debug|Any CPU.Build.0 = Debug|Any CPU
		{84E47B7E-3C43-7661-A721-FCC72537B61C}.Release|Any CPU.ActiveCfg = Release|Any CPU
		{84E47B7E-3C43-7661-A721-FCC72537B61C}.Release|Any CPU.Build.0 = Release|Any CPU
		{8DB4E2D4-0F04-D613-8287-3C5199FFAA60}.Debug|Any CPU.ActiveCfg = Debug|Any CPU
		{8DB4E2D4-0F04-D613-8287-3C5199FFAA60}.Debug|Any CPU.Build.0 = Debug|Any CPU
		{8DB4E2D4-0F04-D613-8287-3C5199FFAA60}.Release|Any CPU.ActiveCfg = Release|Any CPU
		{8DB4E2D4-0F04-D613-8287-3C5199FFAA60}.Release|Any CPU.Build.0 = Release|Any CPU
		{6F0F20D8-8A81-420D-3334-69FF992AB273}.Debug|Any CPU.ActiveCfg = Debug|Any CPU
		{6F0F20D8-8A81-420D-3334-69FF992AB273}.Debug|Any CPU.Build.0 = Debug|Any CPU
		{6F0F20D8-8A81-420D-3334-69FF992AB273}.Release|Any CPU.ActiveCfg = Release|Any CPU
		{6F0F20D8-8A81-420D-3334-69FF992AB273}.Release|Any CPU.Build.0 = Release|Any CPU
		{2A18B5D6-E43F-3FE6-F0E3-719A4E60B065}.Debug|Any CPU.ActiveCfg = Debug|Any CPU
		{2A18B5D6-E43F-3FE6-F0E3-719A4E60B065}.Debug|Any CPU.Build.0 = Debug|Any CPU
		{2A18B5D6-E43F-3FE6-F0E3-719A4E60B065}.Release|Any CPU.ActiveCfg = Release|Any CPU
		{2A18B5D6-E43F-3FE6-F0E3-719A4E60B065}.Release|Any CPU.Build.0 = Release|Any CPU
		{EF654ADF-C006-FEB0-0183-1D795A7E129B}.Debug|Any CPU.ActiveCfg = Debug|Any CPU
		{EF654ADF-C006-FEB0-0183-1D795A7E129B}.Debug|Any CPU.Build.0 = Debug|Any CPU
		{EF654ADF-C006-FEB0-0183-1D795A7E129B}.Release|Any CPU.ActiveCfg = Release|Any CPU
		{EF654ADF-C006-FEB0-0183-1D795A7E129B}.Release|Any CPU.Build.0 = Release|Any CPU
		{E76810F9-51C4-0411-CAEF-1B55921566D0}.Debug|Any CPU.ActiveCfg = Debug|Any CPU
		{E76810F9-51C4-0411-CAEF-1B55921566D0}.Debug|Any CPU.Build.0 = Debug|Any CPU
		{E76810F9-51C4-0411-CAEF-1B55921566D0}.Release|Any CPU.ActiveCfg = Release|Any CPU
		{E76810F9-51C4-0411-CAEF-1B55921566D0}.Release|Any CPU.Build.0 = Release|Any CPU
		{64A448B3-04C8-9234-1E4A-3FA7CF4369B0}.Debug|Any CPU.ActiveCfg = Debug|Any CPU
		{64A448B3-04C8-9234-1E4A-3FA7CF4369B0}.Debug|Any CPU.Build.0 = Debug|Any CPU
		{64A448B3-04C8-9234-1E4A-3FA7CF4369B0}.Release|Any CPU.ActiveCfg = Release|Any CPU
		{64A448B3-04C8-9234-1E4A-3FA7CF4369B0}.Release|Any CPU.Build.0 = Release|Any CPU
		{399B4D33-F0BD-79D4-7DDC-8DEF3FA6DF10}.Debug|Any CPU.ActiveCfg = Debug|Any CPU
		{399B4D33-F0BD-79D4-7DDC-8DEF3FA6DF10}.Debug|Any CPU.Build.0 = Debug|Any CPU
		{399B4D33-F0BD-79D4-7DDC-8DEF3FA6DF10}.Release|Any CPU.ActiveCfg = Release|Any CPU
		{399B4D33-F0BD-79D4-7DDC-8DEF3FA6DF10}.Release|Any CPU.Build.0 = Release|Any CPU
		{3429B21F-6FB4-8955-766B-11240F3C5A27}.Debug|Any CPU.ActiveCfg = Debug|Any CPU
		{3429B21F-6FB4-8955-766B-11240F3C5A27}.Debug|Any CPU.Build.0 = Debug|Any CPU
		{3429B21F-6FB4-8955-766B-11240F3C5A27}.Release|Any CPU.ActiveCfg = Release|Any CPU
		{3429B21F-6FB4-8955-766B-11240F3C5A27}.Release|Any CPU.Build.0 = Release|Any CPU
	EndGlobalSection
	GlobalSection(SolutionProperties) = preSolution
		HideSolutionNode = FALSE
	EndGlobalSection
EndGlobal
